
Microsoft Visual Studio Solution File, Format Version 12.00
Project("{FAE04EC0-301F-11D3-BF4B-00C04F79EFBC}") = "WeirdMultipleInheritanceStuff", "WeirdMultipleInheritanceStuff\WeirdMultipleInheritanceStuff.csproj", "{AC23A402-8372-487B-9246-CA024D6E62FA}"
EndProject
Project("{FAE04EC0-301F-11D3-BF4B-00C04F79EFBC}") = "WeirdMultipleInheritanceStuff.Tests", "WeirdMultipleInheritanceStuff.Tests\WeirdMultipleInheritanceStuff.Tests.csproj", "{8AB44E78-E396-490C-80F3-DE616F8EF41D}"
EndProject
Global
	GlobalSection(SolutionConfigurationPlatforms) = preSolution
		Debug|Any CPU = Debug|Any CPU
		Release|Any CPU = Release|Any CPU
	EndGlobalSection
	GlobalSection(ProjectConfigurationPlatforms) = postSolution
		{AC23A402-8372-487B-9246-CA024D6E62FA}.Debug|Any CPU.ActiveCfg = Debug|Any CPU
		{AC23A402-8372-487B-9246-CA024D6E62FA}.Debug|Any CPU.Build.0 = Debug|Any CPU
		{AC23A402-8372-487B-9246-CA024D6E62FA}.Release|Any CPU.ActiveCfg = Release|Any CPU
		{AC23A402-8372-487B-9246-CA024D6E62FA}.Release|Any CPU.Build.0 = Release|Any CPU
		{8AB44E78-E396-490C-80F3-DE616F8EF41D}.Debug|Any CPU.ActiveCfg = Debug|Any CPU
		{8AB44E78-E396-490C-80F3-DE616F8EF41D}.Debug|Any CPU.Build.0 = Debug|Any CPU
		{8AB44E78-E396-490C-80F3-DE616F8EF41D}.Release|Any CPU.ActiveCfg = Release|Any CPU
		{8AB44E78-E396-490C-80F3-DE616F8EF41D}.Release|Any CPU.Build.0 = Release|Any CPU
	EndGlobalSection
EndGlobal
